// !$*UTF8*$!
{
	archiveVersion = 1;
	classes = {
	};
	objectVersion = 48;
	objects = {

/* Begin PBXBuildFile section */
		181863CC2223BF3E006EF707 /* StudentMMM.m in Sources */ = {isa = PBXBuildFile; fileRef = 181863CB2223BF3E006EF707 /* StudentMMM.m */; };
		181863CF2223BF51006EF707 /* HelloModel.m in Sources */ = {isa = PBXBuildFile; fileRef = 181863CE2223BF51006EF707 /* HelloModel.m */; };
		18EEB79021DF16ED00B0FFFF /* main.m in Sources */ = {isa = PBXBuildFile; fileRef = 18EEB78F21DF16ED00B0FFFF /* main.m */; };
/* End PBXBuildFile section */

/* Begin PBXContainerItemProxy section */
		18EEBA0F21DF182400B0FFFF /* PBXContainerItemProxy */ = {
			isa = PBXContainerItemProxy;
			containerPortal = 18EEBA0921DF182400B0FFFF /* objc.xcodeproj */;
			proxyType = 2;
			remoteGlobalIDString = D2AAC0630554660B00DB518D;
			remoteInfo = objc;
		};
		18EEBA1121DF182400B0FFFF /* PBXContainerItemProxy */ = {
			isa = PBXContainerItemProxy;
			containerPortal = 18EEBA0921DF182400B0FFFF /* objc.xcodeproj */;
			proxyType = 2;
			remoteGlobalIDString = 83E50D2A0FF19E8200D74C19;
			remoteInfo = "objc-simulator";
		};
		18EEBA1321DF182400B0FFFF /* PBXContainerItemProxy */ = {
			isa = PBXContainerItemProxy;
			containerPortal = 18EEBA0921DF182400B0FFFF /* objc.xcodeproj */;
			proxyType = 2;
			remoteGlobalIDString = 305B27531C7D9E96005AC125;
			remoteInfo = "debug-objc";
		};
		18EEBA1521DF182B00B0FFFF /* PBXContainerItemProxy */ = {
			isa = PBXContainerItemProxy;
			containerPortal = 18EEBA0921DF182400B0FFFF /* objc.xcodeproj */;
			proxyType = 1;
			remoteGlobalIDString = D2AAC0620554660B00DB518D;
			remoteInfo = objc;
		};
/* End PBXContainerItemProxy section */

/* Begin PBXCopyFilesBuildPhase section */
		18EEB78A21DF16ED00B0FFFF /* CopyFiles */ = {
			isa = PBXCopyFilesBuildPhase;
			buildActionMask = 2147483647;
			dstPath = /usr/share/man/man1/;
			dstSubfolderSpec = 0;
			files = (
			);
			runOnlyForDeploymentPostprocessing = 1;
		};
/* End PBXCopyFilesBuildPhase section */

/* Begin PBXFileReference section */
		181863CA2223BF3E006EF707 /* StudentMMM.h */ = {isa = PBXFileReference; lastKnownFileType = sourcecode.c.h; path = StudentMMM.h; sourceTree = "<group>"; };
		181863CB2223BF3E006EF707 /* StudentMMM.m */ = {isa = PBXFileReference; lastKnownFileType = sourcecode.c.objc; path = StudentMMM.m; sourceTree = "<group>"; };
		181863CD2223BF51006EF707 /* HelloModel.h */ = {isa = PBXFileReference; lastKnownFileType = sourcecode.c.h; path = HelloModel.h; sourceTree = "<group>"; };
		181863CE2223BF51006EF707 /* HelloModel.m */ = {isa = PBXFileReference; lastKnownFileType = sourcecode.c.objc; path = HelloModel.m; sourceTree = "<group>"; };
		18EEB78C21DF16ED00B0FFFF /* JBAPPHelper */ = {isa = PBXFileReference; explicitFileType = "compiled.mach-o.executable"; includeInIndex = 0; path = JBAPPHelper; sourceTree = BUILT_PRODUCTS_DIR; };
		18EEB78F21DF16ED00B0FFFF /* main.m */ = {isa = PBXFileReference; lastKnownFileType = sourcecode.c.objc; path = main.m; sourceTree = "<group>"; };
		18EEBA0921DF182400B0FFFF /* objc.xcodeproj */ = {isa = PBXFileReference; lastKnownFileType = "wrapper.pb-project"; name = objc.xcodeproj; path = "study-objc-runtime-master/objc.xcodeproj"; sourceTree = "<group>"; };
/* End PBXFileReference section */

/* Begin PBXFrameworksBuildPhase section */
		18EEB78921DF16ED00B0FFFF /* Frameworks */ = {
			isa = PBXFrameworksBuildPhase;
			buildActionMask = 2147483647;
			files = (
			);
			runOnlyForDeploymentPostprocessing = 0;
		};
/* End PBXFrameworksBuildPhase section */

/* Begin PBXGroup section */
		18EEB78321DF16ED00B0FFFF = {
			isa = PBXGroup;
			children = (
				18EEBA0921DF182400B0FFFF /* objc.xcodeproj */,
				18EEB78E21DF16ED00B0FFFF /* JBAPPHelper */,
				18EEB78D21DF16ED00B0FFFF /* Products */,
			);
			sourceTree = "<group>";
		};
		18EEB78D21DF16ED00B0FFFF /* Products */ = {
			isa = PBXGroup;
			children = (
				18EEB78C21DF16ED00B0FFFF /* JBAPPHelper */,
			);
			name = Products;
			sourceTree = "<group>";
		};
		18EEB78E21DF16ED00B0FFFF /* JBAPPHelper */ = {
			isa = PBXGroup;
			children = (
				18EEB78F21DF16ED00B0FFFF /* main.m */,
				181863CA2223BF3E006EF707 /* StudentMMM.h */,
				181863CB2223BF3E006EF707 /* StudentMMM.m */,
				181863CD2223BF51006EF707 /* HelloModel.h */,
				181863CE2223BF51006EF707 /* HelloModel.m */,
			);
			path = JBAPPHelper;
			sourceTree = "<group>";
		};
		18EEBA0A21DF182400B0FFFF /* Products */ = {
			isa = PBXGroup;
			children = (
				18EEBA1021DF182400B0FFFF /* libobjc.A.dylib */,
				18EEBA1221DF182400B0FFFF /* libobjc.A.dylib */,
				18EEBA1421DF182400B0FFFF /* debug-objc */,
			);
			name = Products;
			sourceTree = "<group>";
		};
/* End PBXGroup section */

/* Begin PBXNativeTarget section */
		18EEB78B21DF16ED00B0FFFF /* JBAPPHelper */ = {
			isa = PBXNativeTarget;
			buildConfigurationList = 18EEB79321DF16ED00B0FFFF /* Build configuration list for PBXNativeTarget "JBAPPHelper" */;
			buildPhases = (
				18EEB78821DF16ED00B0FFFF /* Sources */,
				18EEB78921DF16ED00B0FFFF /* Frameworks */,
				18EEB78A21DF16ED00B0FFFF /* CopyFiles */,
			);
			buildRules = (
			);
			dependencies = (
				18EEBA1621DF182B00B0FFFF /* PBXTargetDependency */,
			);
			name = JBAPPHelper;
			productName = MyStudy;
			productReference = 18EEB78C21DF16ED00B0FFFF /* JBAPPHelper */;
			productType = "com.apple.product-type.tool";
		};
/* End PBXNativeTarget section */

/* Begin PBXProject section */
		18EEB78421DF16ED00B0FFFF /* Project object */ = {
			isa = PBXProject;
			attributes = {
				LastUpgradeCheck = 0920;
				ORGANIZATIONNAME = apple;
				TargetAttributes = {
					18EEB78B21DF16ED00B0FFFF = {
						CreatedOnToolsVersion = 9.2;
						ProvisioningStyle = Automatic;
					};
				};
			};
			buildConfigurationList = 18EEB78721DF16ED00B0FFFF /* Build configuration list for PBXProject "JBAPPHelper" */;
			compatibilityVersion = "Xcode 8.0";
			developmentRegion = en;
			hasScannedForEncodings = 0;
			knownRegions = (
				en,
			);
			mainGroup = 18EEB78321DF16ED00B0FFFF;
			productRefGroup = 18EEB78D21DF16ED00B0FFFF /* Products */;
			projectDirPath = "";
			projectReferences = (
				{
					ProductGroup = 18EEBA0A21DF182400B0FFFF /* Products */;
					ProjectRef = 18EEBA0921DF182400B0FFFF /* objc.xcodeproj */;
				},
			);
			projectRoot = "";
			targets = (
				18EEB78B21DF16ED00B0FFFF /* JBAPPHelper */,
			);
		};
/* End PBXProject section */

/* Begin PBXReferenceProxy section */
		18EEBA1021DF182400B0FFFF /* libobjc.A.dylib */ = {
			isa = PBXReferenceProxy;
			fileType = "compiled.mach-o.dylib";
			path = libobjc.A.dylib;
			remoteRef = 18EEBA0F21DF182400B0FFFF /* PBXContainerItemProxy */;
			sourceTree = BUILT_PRODUCTS_DIR;
		};
		18EEBA1221DF182400B0FFFF /* libobjc.A.dylib */ = {
			isa = PBXReferenceProxy;
			fileType = "compiled.mach-o.dylib";
			path = libobjc.A.dylib;
			remoteRef = 18EEBA1121DF182400B0FFFF /* PBXContainerItemProxy */;
			sourceTree = BUILT_PRODUCTS_DIR;
		};
		18EEBA1421DF182400B0FFFF /* debug-objc */ = {
			isa = PBXReferenceProxy;
			fileType = "compiled.mach-o.executable";
			path = "debug-objc";
			remoteRef = 18EEBA1321DF182400B0FFFF /* PBXContainerItemProxy */;
			sourceTree = BUILT_PRODUCTS_DIR;
		};
/* End PBXReferenceProxy section */

/* Begin PBXSourcesBuildPhase section */
		18EEB78821DF16ED00B0FFFF /* Sources */ = {
			isa = PBXSourcesBuildPhase;
			buildActionMask = 2147483647;
			files = (
				181863CF2223BF51006EF707 /* HelloModel.m in Sources */,
				18EEB79021DF16ED00B0FFFF /* main.m in Sources */,
				181863CC2223BF3E006EF707 /* StudentMMM.m in Sources */,
			);
			runOnlyForDeploymentPostprocessing = 0;
		};
/* End PBXSourcesBuildPhase section */

/* Begin PBXTargetDependency section */
		18EEBA1621DF182B00B0FFFF /* PBXTargetDependency */ = {
			isa = PBXTargetDependency;
			name = objc;
			targetProxy = 18EEBA1521DF182B00B0FFFF /* PBXContainerItemProxy */;
		};
/* End PBXTargetDependency section */

/* Begin XCBuildConfiguration section */
		18EEB79121DF16ED00B0FFFF /* Debug */ = {
			isa = XCBuildConfiguration;
			buildSettings = {
				ALWAYS_SEARCH_USER_PATHS = NO;
				CLANG_ANALYZER_NONNULL = YES;
				CLANG_ANALYZER_NUMBER_OBJECT_CONVERSION = YES_AGGRESSIVE;
				CLANG_CXX_LANGUAGE_STANDARD = "gnu++14";
				CLANG_CXX_LIBRARY = "libc++";
				CLANG_ENABLE_MODULES = YES;
				CLANG_ENABLE_OBJC_ARC = YES;
				CLANG_WARN_BLOCK_CAPTURE_AUTORELEASING = YES;
				CLANG_WARN_BOOL_CONVERSION = YES;
				CLANG_WARN_COMMA = YES;
				CLANG_WARN_CONSTANT_CONVERSION = YES;
				CLANG_WARN_DIRECT_OBJC_ISA_USAGE = YES_ERROR;
				CLANG_WARN_DOCUMENTATION_COMMENTS = YES;
				CLANG_WARN_EMPTY_BODY = YES;
				CLANG_WARN_ENUM_CONVERSION = YES;
				CLANG_WARN_INFINITE_RECURSION = YES;
				CLANG_WARN_INT_CONVERSION = YES;
				CLANG_WARN_NON_LITERAL_NULL_CONVERSION = YES;
				CLANG_WARN_OBJC_LITERAL_CONVERSION = YES;
				CLANG_WARN_OBJC_ROOT_CLASS = YES_ERROR;
				CLANG_WARN_RANGE_LOOP_ANALYSIS = YES;
				CLANG_WARN_STRICT_PROTOTYPES = YES;
				CLANG_WARN_SUSPICIOUS_MOVE = YES;
				CLANG_WARN_UNGUARDED_AVAILABILITY = YES_AGGRESSIVE;
				CLANG_WARN_UNREACHABLE_CODE = YES;
				CLANG_WARN__DUPLICATE_METHOD_MATCH = YES;
				CODE_SIGN_IDENTITY = "-";
				COPY_PHASE_STRIP = NO;
				DEBUG_INFORMATION_FORMAT = dwarf;
				ENABLE_STRICT_OBJC_MSGSEND = YES;
				ENABLE_TESTABILITY = YES;
				GCC_C_LANGUAGE_STANDARD = gnu11;
				GCC_DYNAMIC_NO_PIC = NO;
				GCC_NO_COMMON_BLOCKS = YES;
				GCC_OPTIMIZATION_LEVEL = 0;
				GCC_PREPROCESSOR_DEFINITIONS = (
					"DEBUG=1",
					"$(inherited)",
				);
				GCC_WARN_64_TO_32_BIT_CONVERSION = YES;
				GCC_WARN_ABOUT_RETURN_TYPE = YES_ERROR;
				GCC_WARN_UNDECLARED_SELECTOR = YES;
				GCC_WARN_UNINITIALIZED_AUTOS = YES_AGGRESSIVE;
				GCC_WARN_UNUSED_FUNCTION = YES;
				GCC_WARN_UNUSED_VARIABLE = YES;
				MACOSX_DEPLOYMENT_TARGET = 10.12;
				MTL_ENABLE_DEBUG_INFO = YES;
				ONLY_ACTIVE_ARCH = YES;
				SDKROOT = macosx;
			};
			name = Debug;
		};
		18EEB79221DF16ED00B0FFFF /* Release */ = {
			isa = XCBuildConfiguration;
			buildSettings = {
				ALWAYS_SEARCH_USER_PATHS = NO;
				CLANG_ANALYZER_NONNULL = YES;
				CLANG_ANALYZER_NUMBER_OBJECT_CONVERSION = YES_AGGRESSIVE;
				CLANG_CXX_LANGUAGE_STANDARD = "gnu++14";
				CLANG_CXX_LIBRARY = "libc++";
				CLANG_ENABLE_MODULES = YES;
				CLANG_ENABLE_OBJC_ARC = YES;
				CLANG_WARN_BLOCK_CAPTURE_AUTORELEASING = YES;
				CLANG_WARN_BOOL_CONVERSION = YES;
				CLANG_WARN_COMMA = YES;
				CLANG_WARN_CONSTANT_CONVERSION = YES;
				CLANG_WARN_DIRECT_OBJC_ISA_USAGE = YES_ERROR;
				CLANG_WARN_DOCUMENTATION_COMMENTS = YES;
				CLANG_WARN_EMPTY_BODY = YES;
				CLANG_WARN_ENUM_CONVERSION = YES;
				CLANG_WARN_INFINITE_RECURSION = YES;
				CLANG_WARN_INT_CONVERSION = YES;
				CLANG_WARN_NON_LITERAL_NULL_CONVERSION = YES;
				CLANG_WARN_OBJC_LITERAL_CONVERSION = YES;
				CLANG_WARN_OBJC_ROOT_CLASS = YES_ERROR;
				CLANG_WARN_RANGE_LOOP_ANALYSIS = YES;
				CLANG_WARN_STRICT_PROTOTYPES = YES;
				CLANG_WARN_SUSPICIOUS_MOVE = YES;
				CLANG_WARN_UNGUARDED_AVAILABILITY = YES_AGGRESSIVE;
				CLANG_WARN_UNREACHABLE_CODE = YES;
				CLANG_WARN__DUPLICATE_METHOD_MATCH = YES;
				CODE_SIGN_IDENTITY = "-";
				COPY_PHASE_STRIP = NO;
				DEBUG_INFORMATION_FORMAT = "dwarf-with-dsym";
				ENABLE_NS_ASSERTIONS = NO;
				ENABLE_STRICT_OBJC_MSGSEND = YES;
				GCC_C_LANGUAGE_STANDARD = gnu11;
				GCC_NO_COMMON_BLOCKS = YES;
				GCC_WARN_64_TO_32_BIT_CONVERSION = YES;
				GCC_WARN_ABOUT_RETURN_TYPE = YES_ERROR;
				GCC_WARN_UNDECLARED_SELECTOR = YES;
				GCC_WARN_UNINITIALIZED_AUTOS = YES_AGGRESSIVE;
				GCC_WARN_UNUSED_FUNCTION = YES;
				GCC_WARN_UNUSED_VARIABLE = YES;
				MACOSX_DEPLOYMENT_TARGET = 10.12;
				MTL_ENABLE_DEBUG_INFO = NO;
				SDKROOT = macosx;
			};
			name = Release;
		};
		18EEB79421DF16ED00B0FFFF /* Debug */ = {
			isa = XCBuildConfiguration;
			buildSettings = {
				CODE_SIGN_STYLE = Automatic;
				PRODUCT_NAME = "$(TARGET_NAME)";
			};
			name = Debug;
		};
		18EEB79521DF16ED00B0FFFF /* Release */ = {
			isa = XCBuildConfiguration;
			buildSettings = {
				CODE_SIGN_STYLE = Automatic;
				PRODUCT_NAME = "$(TARGET_NAME)";
			};
			name = Release;
		};
/* End XCBuildConfiguration section */

/* Begin XCConfigurationList section */
		18EEB78721DF16ED00B0FFFF /* Build configuration list for PBXProject "JBAPPHelper" */ = {
			isa = XCConfigurationList;
			buildConfigurations = (
				18EEB79121DF16ED00B0FFFF /* Debug */,
				18EEB79221DF16ED00B0FFFF /* Release */,
			);
			defaultConfigurationIsVisible = 0;
			defaultConfigurationName = Release;
		};
		18EEB79321DF16ED00B0FFFF /* Build configuration list for PBXNativeTarget "JBAPPHelper" */ = {
			isa = XCConfigurationList;
			buildConfigurations = (
				18EEB79421DF16ED00B0FFFF /* Debug */,
				18EEB79521DF16ED00B0FFFF /* Release */,
			);
			defaultConfigurationIsVisible = 0;
			defaultConfigurationName = Release;
		};
/* End XCConfigurationList section */
	};
	rootObject = 18EEB78421DF16ED00B0FFFF /* Project object */;
}
